
Microsoft Visual Studio Solution File, Format Version 12.00
# Visual Studio 15
VisualStudioVersion = 15.0.27004.2010
MinimumVisualStudioVersion = 10.0.40219.1
Project("{FAE04EC0-301F-11D3-BF4B-00C04F79EFBC}") = "ServiceNetCore", "src\ServiceNetCore\ServiceNetCore.csproj", "{0B9AE54D-8029-4AFC-B7F8-B0AC24ED416A}"
EndProject
Global
	GlobalSection(SolutionConfigurationPlatforms) = preSolution
		Debug|Any CPU = Debug|Any CPU
		Release|Any CPU = Release|Any CPU
	EndGlobalSection
	GlobalSection(ProjectConfigurationPlatforms) = postSolution
		{0B9AE54D-8029-4AFC-B7F8-B0AC24ED416A}.Debug|Any CPU.ActiveCfg = Debug|Any CPU
		{0B9AE54D-8029-4AFC-B7F8-B0AC24ED416A}.Debug|Any CPU.Build.0 = Debug|Any CPU
		{0B9AE54D-8029-4AFC-B7F8-B0AC24ED416A}.Release|Any CPU.ActiveCfg = Release|Any CPU
		{0B9AE54D-8029-4AFC-B7F8-B0AC24ED416A}.Release|Any CPU.Build.0 = Release|Any CPU
	EndGlobalSection
	GlobalSection(SolutionProperties) = preSolution
		HideSolutionNode = FALSE
	EndGlobalSection
	GlobalSection(ExtensibilityGlobals) = postSolution
		SolutionGuid = {2D4E24CB-8F36-4D12-B808-3B0350EAFBA8}
	EndGlobalSection
EndGlobal
